
Microsoft Visual Studio Solution File, Format Version 12.00
# Visual Studio Version 17
VisualStudioVersion = 17.0.31903.59
MinimumVisualStudioVersion = 10.0.40219.1
Project("{9A19103F-16F7-4668-BE54-9A1E7A4F7556}") = "WebApi", "WebApi\WebApi.csproj", "{1658236D-8737-4E55-A7FB-3D1B3B80B12B}"
EndProject
Project("{9A19103F-16F7-4668-BE54-9A1E7A4F7556}") = "Entities", "Entities\Entities.csproj", "{70F106B4-1C64-4E35-8384-78FD3D40406D}"
EndProject
Project("{FAE04EC0-301F-11D3-BF4B-00C04F79EFBC}") = "Repositories", "Repositories\Repositories.csproj", "{A03D5FDA-0294-4C28-B366-F2EB31771075}"
EndProject
Global
	GlobalSection(SolutionConfigurationPlatforms) = preSolution
		Debug|Any CPU = Debug|Any CPU
		Release|Any CPU = Release|Any CPU
	EndGlobalSection
	GlobalSection(ProjectConfigurationPlatforms) = postSolution
		{1658236D-8737-4E55-A7FB-3D1B3B80B12B}.Debug|Any CPU.ActiveCfg = Debug|Any CPU
		{1658236D-8737-4E55-A7FB-3D1B3B80B12B}.Debug|Any CPU.Build.0 = Debug|Any CPU
		{1658236D-8737-4E55-A7FB-3D1B3B80B12B}.Release|Any CPU.ActiveCfg = Release|Any CPU
		{1658236D-8737-4E55-A7FB-3D1B3B80B12B}.Release|Any CPU.Build.0 = Release|Any CPU
		{70F106B4-1C64-4E35-8384-78FD3D40406D}.Debug|Any CPU.ActiveCfg = Debug|Any CPU
		{70F106B4-1C64-4E35-8384-78FD3D40406D}.Debug|Any CPU.Build.0 = Debug|Any CPU
		{70F106B4-1C64-4E35-8384-78FD3D40406D}.Release|Any CPU.ActiveCfg = Release|Any CPU
		{70F106B4-1C64-4E35-8384-78FD3D40406D}.Release|Any CPU.Build.0 = Release|Any CPU
		{A03D5FDA-0294-4C28-B366-F2EB31771075}.Debug|Any CPU.ActiveCfg = Debug|Any CPU
		{A03D5FDA-0294-4C28-B366-F2EB31771075}.Debug|Any CPU.Build.0 = Debug|Any CPU
		{A03D5FDA-0294-4C28-B366-F2EB31771075}.Release|Any CPU.ActiveCfg = Release|Any CPU
		{A03D5FDA-0294-4C28-B366-F2EB31771075}.Release|Any CPU.Build.0 = Release|Any CPU
	EndGlobalSection
	GlobalSection(SolutionProperties) = preSolution
		HideSolutionNode = FALSE
	EndGlobalSection
	GlobalSection(ExtensibilityGlobals) = postSolution
		SolutionGuid = {9CC67BBD-4F3A-4311-A012-468E7D8DE2F7}
	EndGlobalSection
EndGlobal
